// !$*UTF8*$!
{
	archiveVersion = 1;
	classes = {
	};
	objectVersion = 56;
	objects = {

/* Begin PBXBuildFile section */
		4F5E69392AF9571F0021AD17 /* AppDelegate.swift in Sources */ = {isa = PBXBuildFile; fileRef = 4F5E69382AF9571F0021AD17 /* AppDelegate.swift */; };
		4F5E693B2AF9571F0021AD17 /* SceneDelegate.swift in Sources */ = {isa = PBXBuildFile; fileRef = 4F5E693A2AF9571F0021AD17 /* SceneDelegate.swift */; };
		4F5E693D2AF9571F0021AD17 /* ViewController.swift in Sources */ = {isa = PBXBuildFile; fileRef = 4F5E693C2AF9571F0021AD17 /* ViewController.swift */; };
		4F5E69402AF9571F0021AD17 /* Main.storyboard in Resources */ = {isa = PBXBuildFile; fileRef = 4F5E693E2AF9571F0021AD17 /* Main.storyboard */; };
		4F5E69422AF957200021AD17 /* Assets.xcassets in Resources */ = {isa = PBXBuildFile; fileRef = 4F5E69412AF957200021AD17 /* Assets.xcassets */; };
		4F5E69452AF957200021AD17 /* LaunchScreen.storyboard in Resources */ = {isa = PBXBuildFile; fileRef = 4F5E69432AF957200021AD17 /* LaunchScreen.storyboard */; };
		4F5E69A62AF95E810021AD17 /* Roboto-Black.ttf in Resources */ = {isa = PBXBuildFile; fileRef = 4F5E699A2AF95E440021AD17 /* Roboto-Black.ttf */; };
		4F5E69A82AF95E870021AD17 /* Roboto-Bold.ttf in Resources */ = {isa = PBXBuildFile; fileRef = 4F5E699F2AF95E440021AD17 /* Roboto-Bold.ttf */; };
		4F5E69AA2AF95E8C0021AD17 /* Roboto-Italic.ttf in Resources */ = {isa = PBXBuildFile; fileRef = 4F5E699C2AF95E440021AD17 /* Roboto-Italic.ttf */; };
		4F5E69AB2AF95E8F0021AD17 /* Roboto-Light.ttf in Resources */ = {isa = PBXBuildFile; fileRef = 4F5E69A32AF95E440021AD17 /* Roboto-Light.ttf */; };
		4F5E69AD2AF95E930021AD17 /* Roboto-Medium.ttf in Resources */ = {isa = PBXBuildFile; fileRef = 4F5E69A12AF95E440021AD17 /* Roboto-Medium.ttf */; };
		4F5E69AF2AF95E980021AD17 /* Roboto-Regular.ttf in Resources */ = {isa = PBXBuildFile; fileRef = 4F5E699E2AF95E440021AD17 /* Roboto-Regular.ttf */; };
		4F5E69B02AF95E9A0021AD17 /* Roboto-Thin.ttf in Resources */ = {isa = PBXBuildFile; fileRef = 4F5E69A02AF95E440021AD17 /* Roboto-Thin.ttf */; };
		4F9B1CD42B1CCC5200F80B7A /* JokeFactory.swift in Sources */ = {isa = PBXBuildFile; fileRef = 4F9B1CD32B1CCC5200F80B7A /* JokeFactory.swift */; };
		4F9B1CD62B1CCC6500F80B7A /* NetworkClient.swift in Sources */ = {isa = PBXBuildFile; fileRef = 4F9B1CD52B1CCC6500F80B7A /* NetworkClient.swift */; };
		4F9B1CD92B1CCC9D00F80B7A /* JokeFactoryProtocol.swift in Sources */ = {isa = PBXBuildFile; fileRef = 4F9B1CD82B1CCC9D00F80B7A /* JokeFactoryProtocol.swift */; };
		4F9B1CDB2B1CCCB500F80B7A /* JokeFactoryDelegate.swift in Sources */ = {isa = PBXBuildFile; fileRef = 4F9B1CDA2B1CCCB500F80B7A /* JokeFactoryDelegate.swift */; };
		4F9B1CDD2B1CCCDA00F80B7A /* JokeLoader.swift in Sources */ = {isa = PBXBuildFile; fileRef = 4F9B1CDC2B1CCCDA00F80B7A /* JokeLoader.swift */; };
		4F9B1CDF2B1CCCF700F80B7A /* JokeLoadingProtocol.swift in Sources */ = {isa = PBXBuildFile; fileRef = 4F9B1CDE2B1CCCF700F80B7A /* JokeLoadingProtocol.swift */; };
		4F9B1CE12B1CD78300F80B7A /* Joke.swift in Sources */ = {isa = PBXBuildFile; fileRef = 4F9B1CE02B1CD78300F80B7A /* Joke.swift */; };
/* End PBXBuildFile section */

/* Begin PBXFileReference section */
		4F5E69352AF9571F0021AD17 /* ExtraTaskSprint4.app */ = {isa = PBXFileReference; explicitFileType = wrapper.application; includeInIndex = 0; path = ExtraTaskSprint4.app; sourceTree = BUILT_PRODUCTS_DIR; };
		4F5E69382AF9571F0021AD17 /* AppDelegate.swift */ = {isa = PBXFileReference; lastKnownFileType = sourcecode.swift; path = AppDelegate.swift; sourceTree = "<group>"; };
		4F5E693A2AF9571F0021AD17 /* SceneDelegate.swift */ = {isa = PBXFileReference; lastKnownFileType = sourcecode.swift; path = SceneDelegate.swift; sourceTree = "<group>"; };
		4F5E693C2AF9571F0021AD17 /* ViewController.swift */ = {isa = PBXFileReference; lastKnownFileType = sourcecode.swift; path = ViewController.swift; sourceTree = "<group>"; };
		4F5E693F2AF9571F0021AD17 /* Base */ = {isa = PBXFileReference; lastKnownFileType = file.storyboard; name = Base; path = Base.lproj/Main.storyboard; sourceTree = "<group>"; };
		4F5E69412AF957200021AD17 /* Assets.xcassets */ = {isa = PBXFileReference; lastKnownFileType = folder.assetcatalog; path = Assets.xcassets; sourceTree = "<group>"; };
		4F5E69442AF957200021AD17 /* Base */ = {isa = PBXFileReference; lastKnownFileType = file.storyboard; name = Base; path = Base.lproj/LaunchScreen.storyboard; sourceTree = "<group>"; };
		4F5E69462AF957200021AD17 /* Info.plist */ = {isa = PBXFileReference; lastKnownFileType = text.plist.xml; path = Info.plist; sourceTree = "<group>"; };
		4F5E699A2AF95E440021AD17 /* Roboto-Black.ttf */ = {isa = PBXFileReference; lastKnownFileType = file; path = "Roboto-Black.ttf"; sourceTree = "<group>"; };
		4F5E699C2AF95E440021AD17 /* Roboto-Italic.ttf */ = {isa = PBXFileReference; lastKnownFileType = file; path = "Roboto-Italic.ttf"; sourceTree = "<group>"; };
		4F5E699E2AF95E440021AD17 /* Roboto-Regular.ttf */ = {isa = PBXFileReference; lastKnownFileType = file; path = "Roboto-Regular.ttf"; sourceTree = "<group>"; };
		4F5E699F2AF95E440021AD17 /* Roboto-Bold.ttf */ = {isa = PBXFileReference; lastKnownFileType = file; path = "Roboto-Bold.ttf"; sourceTree = "<group>"; };
		4F5E69A02AF95E440021AD17 /* Roboto-Thin.ttf */ = {isa = PBXFileReference; lastKnownFileType = file; path = "Roboto-Thin.ttf"; sourceTree = "<group>"; };
		4F5E69A12AF95E440021AD17 /* Roboto-Medium.ttf */ = {isa = PBXFileReference; lastKnownFileType = file; path = "Roboto-Medium.ttf"; sourceTree = "<group>"; };
		4F5E69A32AF95E440021AD17 /* Roboto-Light.ttf */ = {isa = PBXFileReference; lastKnownFileType = file; path = "Roboto-Light.ttf"; sourceTree = "<group>"; };
		4F9B1CD32B1CCC5200F80B7A /* JokeFactory.swift */ = {isa = PBXFileReference; lastKnownFileType = sourcecode.swift; path = JokeFactory.swift; sourceTree = "<group>"; };
		4F9B1CD52B1CCC6500F80B7A /* NetworkClient.swift */ = {isa = PBXFileReference; lastKnownFileType = sourcecode.swift; path = NetworkClient.swift; sourceTree = "<group>"; };
		4F9B1CD82B1CCC9D00F80B7A /* JokeFactoryProtocol.swift */ = {isa = PBXFileReference; lastKnownFileType = sourcecode.swift; path = JokeFactoryProtocol.swift; sourceTree = "<group>"; };
		4F9B1CDA2B1CCCB500F80B7A /* JokeFactoryDelegate.swift */ = {isa = PBXFileReference; lastKnownFileType = sourcecode.swift; path = JokeFactoryDelegate.swift; sourceTree = "<group>"; };
		4F9B1CDC2B1CCCDA00F80B7A /* JokeLoader.swift */ = {isa = PBXFileReference; lastKnownFileType = sourcecode.swift; path = JokeLoader.swift; sourceTree = "<group>"; };
		4F9B1CDE2B1CCCF700F80B7A /* JokeLoadingProtocol.swift */ = {isa = PBXFileReference; lastKnownFileType = sourcecode.swift; path = JokeLoadingProtocol.swift; sourceTree = "<group>"; };
		4F9B1CE02B1CD78300F80B7A /* Joke.swift */ = {isa = PBXFileReference; lastKnownFileType = sourcecode.swift; path = Joke.swift; sourceTree = "<group>"; };
/* End PBXFileReference section */

/* Begin PBXFrameworksBuildPhase section */
		4F5E69322AF9571F0021AD17 /* Frameworks */ = {
			isa = PBXFrameworksBuildPhase;
			buildActionMask = 2147483647;
			files = (
			);
			runOnlyForDeploymentPostprocessing = 0;
		};
/* End PBXFrameworksBuildPhase section */

/* Begin PBXGroup section */
		4F5E692C2AF9571F0021AD17 = {
			isa = PBXGroup;
			children = (
				4F5E69372AF9571F0021AD17 /* ExtraTaskSprint4 */,
				4F5E69362AF9571F0021AD17 /* Products */,
			);
			sourceTree = "<group>";
		};
		4F5E69362AF9571F0021AD17 /* Products */ = {
			isa = PBXGroup;
			children = (
				4F5E69352AF9571F0021AD17 /* ExtraTaskSprint4.app */,
			);
			name = Products;
			sourceTree = "<group>";
		};
		4F5E69372AF9571F0021AD17 /* ExtraTaskSprint4 */ = {
			isa = PBXGroup;
			children = (
				4F9B1CD22B1CCBF800F80B7A /* Services */,
				4F9B1CD12B1CCBD500F80B7A /* Models */,
				4F5E69382AF9571F0021AD17 /* AppDelegate.swift */,
				4F5E693A2AF9571F0021AD17 /* SceneDelegate.swift */,
				4F5E693C2AF9571F0021AD17 /* ViewController.swift */,
				4F5E693E2AF9571F0021AD17 /* Main.storyboard */,
				4F5E69462AF957200021AD17 /* Info.plist */,
				4F5E694C2AF95A5E0021AD17 /* Resourses */,
			);
			path = ExtraTaskSprint4;
			sourceTree = "<group>";
		};
		4F5E694C2AF95A5E0021AD17 /* Resourses */ = {
			isa = PBXGroup;
			children = (
				4F5E69B32AF95FB50021AD17 /* Fonts */,
				4F5E69432AF957200021AD17 /* LaunchScreen.storyboard */,
				4F5E69412AF957200021AD17 /* Assets.xcassets */,
			);
			path = Resourses;
			sourceTree = "<group>";
		};
		4F5E69992AF95E3A0021AD17 /* Roboto */ = {
			isa = PBXGroup;
			children = (
				4F5E699A2AF95E440021AD17 /* Roboto-Black.ttf */,
				4F5E699F2AF95E440021AD17 /* Roboto-Bold.ttf */,
				4F5E699C2AF95E440021AD17 /* Roboto-Italic.ttf */,
				4F5E69A32AF95E440021AD17 /* Roboto-Light.ttf */,
				4F5E69A12AF95E440021AD17 /* Roboto-Medium.ttf */,
				4F5E699E2AF95E440021AD17 /* Roboto-Regular.ttf */,
				4F5E69A02AF95E440021AD17 /* Roboto-Thin.ttf */,
			);
			path = Roboto;
			sourceTree = "<group>";
		};
		4F5E69B32AF95FB50021AD17 /* Fonts */ = {
			isa = PBXGroup;
			children = (
				4F5E69992AF95E3A0021AD17 /* Roboto */,
			);
			path = Fonts;
			sourceTree = "<group>";
		};
		4F9B1CD12B1CCBD500F80B7A /* Models */ = {
			isa = PBXGroup;
			children = (
				4F9B1CE02B1CD78300F80B7A /* Joke.swift */,
			);
			path = Models;
			sourceTree = "<group>";
		};
		4F9B1CD22B1CCBF800F80B7A /* Services */ = {
			isa = PBXGroup;
			children = (
				4F9B1CD52B1CCC6500F80B7A /* NetworkClient.swift */,
				4F9B1CD32B1CCC5200F80B7A /* JokeFactory.swift */,
				4F9B1CD82B1CCC9D00F80B7A /* JokeFactoryProtocol.swift */,
				4F9B1CDA2B1CCCB500F80B7A /* JokeFactoryDelegate.swift */,
				4F9B1CDC2B1CCCDA00F80B7A /* JokeLoader.swift */,
				4F9B1CDE2B1CCCF700F80B7A /* JokeLoadingProtocol.swift */,
			);
			path = Services;
			sourceTree = "<group>";
		};
/* End PBXGroup section */

/* Begin PBXNativeTarget section */
		4F5E69342AF9571F0021AD17 /* ExtraTaskSprint4 */ = {
			isa = PBXNativeTarget;
			buildConfigurationList = 4F5E69492AF957200021AD17 /* Build configuration list for PBXNativeTarget "ExtraTaskSprint4" */;
			buildPhases = (
				4F5E69312AF9571F0021AD17 /* Sources */,
				4F5E69322AF9571F0021AD17 /* Frameworks */,
				4F5E69332AF9571F0021AD17 /* Resources */,
			);
			buildRules = (
			);
			dependencies = (
			);
			name = ExtraTaskSprint4;
			productName = ExtraTaskSprint4;
			productReference = 4F5E69352AF9571F0021AD17 /* ExtraTaskSprint4.app */;
			productType = "com.apple.product-type.application";
		};
/* End PBXNativeTarget section */

/* Begin PBXProject section */
		4F5E692D2AF9571F0021AD17 /* Project object */ = {
			isa = PBXProject;
			attributes = {
				BuildIndependentTargetsInParallel = 1;
				LastSwiftUpdateCheck = 1500;
				LastUpgradeCheck = 1500;
				TargetAttributes = {
					4F5E69342AF9571F0021AD17 = {
						CreatedOnToolsVersion = 15.0.1;
					};
				};
			};
			buildConfigurationList = 4F5E69302AF9571F0021AD17 /* Build configuration list for PBXProject "ExtraTaskSprint4" */;
			compatibilityVersion = "Xcode 14.0";
			developmentRegion = en;
			hasScannedForEncodings = 0;
			knownRegions = (
				en,
				Base,
			);
			mainGroup = 4F5E692C2AF9571F0021AD17;
			productRefGroup = 4F5E69362AF9571F0021AD17 /* Products */;
			projectDirPath = "";
			projectRoot = "";
			targets = (
				4F5E69342AF9571F0021AD17 /* ExtraTaskSprint4 */,
			);
		};
/* End PBXProject section */

/* Begin PBXResourcesBuildPhase section */
		4F5E69332AF9571F0021AD17 /* Resources */ = {
			isa = PBXResourcesBuildPhase;
			buildActionMask = 2147483647;
			files = (
				4F5E69B02AF95E9A0021AD17 /* Roboto-Thin.ttf in Resources */,
				4F5E69452AF957200021AD17 /* LaunchScreen.storyboard in Resources */,
				4F5E69422AF957200021AD17 /* Assets.xcassets in Resources */,
				4F5E69A82AF95E870021AD17 /* Roboto-Bold.ttf in Resources */,
				4F5E69402AF9571F0021AD17 /* Main.storyboard in Resources */,
				4F5E69AA2AF95E8C0021AD17 /* Roboto-Italic.ttf in Resources */,
				4F5E69AD2AF95E930021AD17 /* Roboto-Medium.ttf in Resources */,
				4F5E69AF2AF95E980021AD17 /* Roboto-Regular.ttf in Resources */,
				4F5E69A62AF95E810021AD17 /* Roboto-Black.ttf in Resources */,
				4F5E69AB2AF95E8F0021AD17 /* Roboto-Light.ttf in Resources */,
			);
			runOnlyForDeploymentPostprocessing = 0;
		};
/* End PBXResourcesBuildPhase section */

/* Begin PBXSourcesBuildPhase section */
		4F5E69312AF9571F0021AD17 /* Sources */ = {
			isa = PBXSourcesBuildPhase;
			buildActionMask = 2147483647;
			files = (
				4F5E693D2AF9571F0021AD17 /* ViewController.swift in Sources */,
				4F9B1CD92B1CCC9D00F80B7A /* JokeFactoryProtocol.swift in Sources */,
				4F9B1CD62B1CCC6500F80B7A /* NetworkClient.swift in Sources */,
				4F9B1CDD2B1CCCDA00F80B7A /* JokeLoader.swift in Sources */,
				4F9B1CD42B1CCC5200F80B7A /* JokeFactory.swift in Sources */,
				4F9B1CDF2B1CCCF700F80B7A /* JokeLoadingProtocol.swift in Sources */,
				4F9B1CE12B1CD78300F80B7A /* Joke.swift in Sources */,
				4F5E69392AF9571F0021AD17 /* AppDelegate.swift in Sources */,
				4F9B1CDB2B1CCCB500F80B7A /* JokeFactoryDelegate.swift in Sources */,
				4F5E693B2AF9571F0021AD17 /* SceneDelegate.swift in Sources */,
			);
			runOnlyForDeploymentPostprocessing = 0;
		};
/* End PBXSourcesBuildPhase section */

/* Begin PBXVariantGroup section */
		4F5E693E2AF9571F0021AD17 /* Main.storyboard */ = {
			isa = PBXVariantGroup;
			children = (
				4F5E693F2AF9571F0021AD17 /* Base */,
			);
			name = Main.storyboard;
			sourceTree = "<group>";
		};
		4F5E69432AF957200021AD17 /* LaunchScreen.storyboard */ = {
			isa = PBXVariantGroup;
			children = (
				4F5E69442AF957200021AD17 /* Base */,
			);
			name = LaunchScreen.storyboard;
			sourceTree = "<group>";
		};
/* End PBXVariantGroup section */

/* Begin XCBuildConfiguration section */
		4F5E69472AF957200021AD17 /* Debug */ = {
			isa = XCBuildConfiguration;
			buildSettings = {
				ALWAYS_SEARCH_USER_PATHS = NO;
				ASSETCATALOG_COMPILER_GENERATE_SWIFT_ASSET_SYMBOL_EXTENSIONS = YES;
				CLANG_ANALYZER_NONNULL = YES;
				CLANG_ANALYZER_NUMBER_OBJECT_CONVERSION = YES_AGGRESSIVE;
				CLANG_CXX_LANGUAGE_STANDARD = "gnu++20";
				CLANG_ENABLE_MODULES = YES;
				CLANG_ENABLE_OBJC_ARC = YES;
				CLANG_ENABLE_OBJC_WEAK = YES;
				CLANG_WARN_BLOCK_CAPTURE_AUTORELEASING = YES;
				CLANG_WARN_BOOL_CONVERSION = YES;
				CLANG_WARN_COMMA = YES;
				CLANG_WARN_CONSTANT_CONVERSION = YES;
				CLANG_WARN_DEPRECATED_OBJC_IMPLEMENTATIONS = YES;
				CLANG_WARN_DIRECT_OBJC_ISA_USAGE = YES_ERROR;
				CLANG_WARN_DOCUMENTATION_COMMENTS = YES;
				CLANG_WARN_EMPTY_BODY = YES;
				CLANG_WARN_ENUM_CONVERSION = YES;
				CLANG_WARN_INFINITE_RECURSION = YES;
				CLANG_WARN_INT_CONVERSION = YES;
				CLANG_WARN_NON_LITERAL_NULL_CONVERSION = YES;
				CLANG_WARN_OBJC_IMPLICIT_RETAIN_SELF = YES;
				CLANG_WARN_OBJC_LITERAL_CONVERSION = YES;
				CLANG_WARN_OBJC_ROOT_CLASS = YES_ERROR;
				CLANG_WARN_QUOTED_INCLUDE_IN_FRAMEWORK_HEADER = YES;
				CLANG_WARN_RANGE_LOOP_ANALYSIS = YES;
				CLANG_WARN_STRICT_PROTOTYPES = YES;
				CLANG_WARN_SUSPICIOUS_MOVE = YES;
				CLANG_WARN_UNGUARDED_AVAILABILITY = YES_AGGRESSIVE;
				CLANG_WARN_UNREACHABLE_CODE = YES;
				CLANG_WARN__DUPLICATE_METHOD_MATCH = YES;
				COPY_PHASE_STRIP = NO;
				DEBUG_INFORMATION_FORMAT = dwarf;
				ENABLE_STRICT_OBJC_MSGSEND = YES;
				ENABLE_TESTABILITY = YES;
				ENABLE_USER_SCRIPT_SANDBOXING = YES;
				GCC_C_LANGUAGE_STANDARD = gnu17;
				GCC_DYNAMIC_NO_PIC = NO;
				GCC_NO_COMMON_BLOCKS = YES;
				GCC_OPTIMIZATION_LEVEL = 0;
				GCC_PREPROCESSOR_DEFINITIONS = (
					"DEBUG=1",
					"$(inherited)",
				);
				GCC_WARN_64_TO_32_BIT_CONVERSION = YES;
				GCC_WARN_ABOUT_RETURN_TYPE = YES_ERROR;
				GCC_WARN_UNDECLARED_SELECTOR = YES;
				GCC_WARN_UNINITIALIZED_AUTOS = YES_AGGRESSIVE;
				GCC_WARN_UNUSED_FUNCTION = YES;
				GCC_WARN_UNUSED_VARIABLE = YES;
				IPHONEOS_DEPLOYMENT_TARGET = 17.0;
				LOCALIZATION_PREFERS_STRING_CATALOGS = YES;
				MTL_ENABLE_DEBUG_INFO = INCLUDE_SOURCE;
				MTL_FAST_MATH = YES;
				ONLY_ACTIVE_ARCH = YES;
				SDKROOT = iphoneos;
				SWIFT_ACTIVE_COMPILATION_CONDITIONS = "DEBUG $(inherited)";
				SWIFT_OPTIMIZATION_LEVEL = "-Onone";
			};
			name = Debug;
		};
		4F5E69482AF957200021AD17 /* Release */ = {
			isa = XCBuildConfiguration;
			buildSettings = {
				ALWAYS_SEARCH_USER_PATHS = NO;
				ASSETCATALOG_COMPILER_GENERATE_SWIFT_ASSET_SYMBOL_EXTENSIONS = YES;
				CLANG_ANALYZER_NONNULL = YES;
				CLANG_ANALYZER_NUMBER_OBJECT_CONVERSION = YES_AGGRESSIVE;
				CLANG_CXX_LANGUAGE_STANDARD = "gnu++20";
				CLANG_ENABLE_MODULES = YES;
				CLANG_ENABLE_OBJC_ARC = YES;
				CLANG_ENABLE_OBJC_WEAK = YES;
				CLANG_WARN_BLOCK_CAPTURE_AUTORELEASING = YES;
				CLANG_WARN_BOOL_CONVERSION = YES;
				CLANG_WARN_COMMA = YES;
				CLANG_WARN_CONSTANT_CONVERSION = YES;
				CLANG_WARN_DEPRECATED_OBJC_IMPLEMENTATIONS = YES;
				CLANG_WARN_DIRECT_OBJC_ISA_USAGE = YES_ERROR;
				CLANG_WARN_DOCUMENTATION_COMMENTS = YES;
				CLANG_WARN_EMPTY_BODY = YES;
				CLANG_WARN_ENUM_CONVERSION = YES;
				CLANG_WARN_INFINITE_RECURSION = YES;
				CLANG_WARN_INT_CONVERSION = YES;
				CLANG_WARN_NON_LITERAL_NULL_CONVERSION = YES;
				CLANG_WARN_OBJC_IMPLICIT_RETAIN_SELF = YES;
				CLANG_WARN_OBJC_LITERAL_CONVERSION = YES;
				CLANG_WARN_OBJC_ROOT_CLASS = YES_ERROR;
				CLANG_WARN_QUOTED_INCLUDE_IN_FRAMEWORK_HEADER = YES;
				CLANG_WARN_RANGE_LOOP_ANALYSIS = YES;
				CLANG_WARN_STRICT_PROTOTYPES = YES;
				CLANG_WARN_SUSPICIOUS_MOVE = YES;
				CLANG_WARN_UNGUARDED_AVAILABILITY = YES_AGGRESSIVE;
				CLANG_WARN_UNREACHABLE_CODE = YES;
				CLANG_WARN__DUPLICATE_METHOD_MATCH = YES;
				COPY_PHASE_STRIP = NO;
				DEBUG_INFORMATION_FORMAT = "dwarf-with-dsym";
				ENABLE_NS_ASSERTIONS = NO;
				ENABLE_STRICT_OBJC_MSGSEND = YES;
				ENABLE_USER_SCRIPT_SANDBOXING = YES;
				GCC_C_LANGUAGE_STANDARD = gnu17;
				GCC_NO_COMMON_BLOCKS = YES;
				GCC_WARN_64_TO_32_BIT_CONVERSION = YES;
				GCC_WARN_ABOUT_RETURN_TYPE = YES_ERROR;
				GCC_WARN_UNDECLARED_SELECTOR = YES;
				GCC_WARN_UNINITIALIZED_AUTOS = YES_AGGRESSIVE;
				GCC_WARN_UNUSED_FUNCTION = YES;
				GCC_WARN_UNUSED_VARIABLE = YES;
				IPHONEOS_DEPLOYMENT_TARGET = 17.0;
				LOCALIZATION_PREFERS_STRING_CATALOGS = YES;
				MTL_ENABLE_DEBUG_INFO = NO;
				MTL_FAST_MATH = YES;
				SDKROOT = iphoneos;
				SWIFT_COMPILATION_MODE = wholemodule;
				VALIDATE_PRODUCT = YES;
			};
			name = Release;
		};
		4F5E694A2AF957200021AD17 /* Debug */ = {
			isa = XCBuildConfiguration;
			buildSettings = {
				ASSETCATALOG_COMPILER_APPICON_NAME = AppIcon;
				ASSETCATALOG_COMPILER_GLOBAL_ACCENT_COLOR_NAME = AccentColor;
				CODE_SIGN_STYLE = Automatic;
				CURRENT_PROJECT_VERSION = 1;
				DEVELOPMENT_TEAM = V23KSJXM55;
				GENERATE_INFOPLIST_FILE = YES;
				INFOPLIST_FILE = ExtraTaskSprint4/Info.plist;
				INFOPLIST_KEY_UIApplicationSupportsIndirectInputEvents = YES;
				INFOPLIST_KEY_UILaunchStoryboardName = LaunchScreen;
				INFOPLIST_KEY_UIMainStoryboardFile = Main;
				INFOPLIST_KEY_UISupportedInterfaceOrientations_iPad = "UIInterfaceOrientationPortrait UIInterfaceOrientationPortraitUpsideDown UIInterfaceOrientationLandscapeLeft UIInterfaceOrientationLandscapeRight";
				INFOPLIST_KEY_UISupportedInterfaceOrientations_iPhone = "UIInterfaceOrientationPortrait UIInterfaceOrientationLandscapeLeft UIInterfaceOrientationLandscapeRight";
				IPHONEOS_DEPLOYMENT_TARGET = 15.0;
				LD_RUNPATH_SEARCH_PATHS = (
					"$(inherited)",
					"@executable_path/Frameworks",
				);
				MARKETING_VERSION = 1.0;
				PRODUCT_BUNDLE_IDENTIFIER = NSA.ExtraTaskSprint4;
				PRODUCT_NAME = "$(TARGET_NAME)";
				SWIFT_EMIT_LOC_STRINGS = YES;
				SWIFT_VERSION = 5.0;
				TARGETED_DEVICE_FAMILY = 1;
			};
			name = Debug;
		};
		4F5E694B2AF957200021AD17 /* Release */ = {
			isa = XCBuildConfiguration;
			buildSettings = {
				ASSETCATALOG_COMPILER_APPICON_NAME = AppIcon;
				ASSETCATALOG_COMPILER_GLOBAL_ACCENT_COLOR_NAME = AccentColor;
				CODE_SIGN_STYLE = Automatic;
				CURRENT_PROJECT_VERSION = 1;
				DEVELOPMENT_TEAM = V23KSJXM55;
				GENERATE_INFOPLIST_FILE = YES;
				INFOPLIST_FILE = ExtraTaskSprint4/Info.plist;
				INFOPLIST_KEY_UIApplicationSupportsIndirectInputEvents = YES;
				INFOPLIST_KEY_UILaunchStoryboardName = LaunchScreen;
				INFOPLIST_KEY_UIMainStoryboardFile = Main;
				INFOPLIST_KEY_UISupportedInterfaceOrientations_iPad = "UIInterfaceOrientationPortrait UIInterfaceOrientationPortraitUpsideDown UIInterfaceOrientationLandscapeLeft UIInterfaceOrientationLandscapeRight";
				INFOPLIST_KEY_UISupportedInterfaceOrientations_iPhone = "UIInterfaceOrientationPortrait UIInterfaceOrientationLandscapeLeft UIInterfaceOrientationLandscapeRight";
				IPHONEOS_DEPLOYMENT_TARGET = 15.0;
				LD_RUNPATH_SEARCH_PATHS = (
					"$(inherited)",
					"@executable_path/Frameworks",
				);
				MARKETING_VERSION = 1.0;
				PRODUCT_BUNDLE_IDENTIFIER = NSA.ExtraTaskSprint4;
				PRODUCT_NAME = "$(TARGET_NAME)";
				SWIFT_EMIT_LOC_STRINGS = YES;
				SWIFT_VERSION = 5.0;
				TARGETED_DEVICE_FAMILY = 1;
			};
			name = Release;
		};
/* End XCBuildConfiguration section */

/* Begin XCConfigurationList section */
		4F5E69302AF9571F0021AD17 /* Build configuration list for PBXProject "ExtraTaskSprint4" */ = {
			isa = XCConfigurationList;
			buildConfigurations = (
				4F5E69472AF957200021AD17 /* Debug */,
				4F5E69482AF957200021AD17 /* Release */,
			);
			defaultConfigurationIsVisible = 0;
			defaultConfigurationName = Release;
		};
		4F5E69492AF957200021AD17 /* Build configuration list for PBXNativeTarget "ExtraTaskSprint4" */ = {
			isa = XCConfigurationList;
			buildConfigurations = (
				4F5E694A2AF957200021AD17 /* Debug */,
				4F5E694B2AF957200021AD17 /* Release */,
			);
			defaultConfigurationIsVisible = 0;
			defaultConfigurationName = Release;
		};
/* End XCConfigurationList section */
	};
	rootObject = 4F5E692D2AF9571F0021AD17 /* Project object */;
}
